{
  "name": "request-cacher",
  "version": "0.0.1",
  "lockfileVersion": 1,
  "requires": true,
  "dependencies": {
    "fsevents": {
      "version": "2.3.2",
      "resolved": "https://registry.npm.taobao.org/fsevents/download/fsevents-2.3.2.tgz?cache=0&sync_timestamp=1612536609287&other_urls=https%3A%2F%2Fregistry.npm.taobao.org%2Ffsevents%2Fdownload%2Ffsevents-2.3.2.tgz",
      "integrity": "sha1-ilJveLj99GI7cJ4Ll1xSwkwC/Ro=",
      "dev": true,
      "optional": true
    },
    "rollup": {
      "version": "2.45.2",
      "resolved": "https://registry.npm.taobao.org/rollup/download/rollup-2.45.2.tgz?cache=0&sync_timestamp=1618320991047&other_urls=https%3A%2F%2Fregistry.npm.taobao.org%2Frollup%2Fdownload%2Frollup-2.45.2.tgz",
      "integrity": "sha1-j7hZF8nzVgVyDpIyjzzL+6b3i0g=",
      "dev": true,
      "requires": {
        "fsevents": "~2.3.1"
      }
    }
  }
}
